// !$*UTF8*$!
{
	archiveVersion = 1;
	classes = {
	};
	objectVersion = 50;
	objects = {

/* Begin PBXBuildFile section */
		85591054234B71C100FDF916 /* AppDelegate.swift in Sources */ = {isa = PBXBuildFile; fileRef = 85591053234B71C100FDF916 /* AppDelegate.swift */; };
		85591058234B71C100FDF916 /* CarListViewController.swift in Sources */ = {isa = PBXBuildFile; fileRef = 85591057234B71C100FDF916 /* CarListViewController.swift */; };
		8559105B234B71C100FDF916 /* Main.storyboard in Resources */ = {isa = PBXBuildFile; fileRef = 85591059234B71C100FDF916 /* Main.storyboard */; };
		8559105D234B71C200FDF916 /* Assets.xcassets in Resources */ = {isa = PBXBuildFile; fileRef = 8559105C234B71C200FDF916 /* Assets.xcassets */; };
		85591060234B71C200FDF916 /* LaunchScreen.storyboard in Resources */ = {isa = PBXBuildFile; fileRef = 8559105E234B71C200FDF916 /* LaunchScreen.storyboard */; };
		8559106C234B76D200FDF916 /* DataModel.xcdatamodeld in Sources */ = {isa = PBXBuildFile; fileRef = 8559106A234B76D200FDF916 /* DataModel.xcdatamodeld */; };
		8559106E234B773200FDF916 /* CoreDataManager.swift in Sources */ = {isa = PBXBuildFile; fileRef = 8559106D234B773200FDF916 /* CoreDataManager.swift */; };
		85988C5F234B97E4004D76CB /* PropertyCell.swift in Sources */ = {isa = PBXBuildFile; fileRef = 85988C5E234B97E4004D76CB /* PropertyCell.swift */; };
		85E08273234B9AE9002DCED1 /* PropertyViewController.swift in Sources */ = {isa = PBXBuildFile; fileRef = 85E08272234B9AE9002DCED1 /* PropertyViewController.swift */; };
/* End PBXBuildFile section */

/* Begin PBXFileReference section */
		85591050234B71C100FDF916 /* Cars.app */ = {isa = PBXFileReference; explicitFileType = wrapper.application; includeInIndex = 0; path = Cars.app; sourceTree = BUILT_PRODUCTS_DIR; };
		85591053234B71C100FDF916 /* AppDelegate.swift */ = {isa = PBXFileReference; lastKnownFileType = sourcecode.swift; path = AppDelegate.swift; sourceTree = "<group>"; };
		85591057234B71C100FDF916 /* CarListViewController.swift */ = {isa = PBXFileReference; lastKnownFileType = sourcecode.swift; path = CarListViewController.swift; sourceTree = "<group>"; };
		8559105A234B71C100FDF916 /* Base */ = {isa = PBXFileReference; lastKnownFileType = file.storyboard; name = Base; path = Base.lproj/Main.storyboard; sourceTree = "<group>"; };
		8559105C234B71C200FDF916 /* Assets.xcassets */ = {isa = PBXFileReference; lastKnownFileType = folder.assetcatalog; path = Assets.xcassets; sourceTree = "<group>"; };
		8559105F234B71C200FDF916 /* Base */ = {isa = PBXFileReference; lastKnownFileType = file.storyboard; name = Base; path = Base.lproj/LaunchScreen.storyboard; sourceTree = "<group>"; };
		85591061234B71C200FDF916 /* Info.plist */ = {isa = PBXFileReference; lastKnownFileType = text.plist.xml; path = Info.plist; sourceTree = "<group>"; };
		8559106B234B76D200FDF916 /* DataModel.xcdatamodel */ = {isa = PBXFileReference; lastKnownFileType = wrapper.xcdatamodel; path = DataModel.xcdatamodel; sourceTree = "<group>"; };
		8559106D234B773200FDF916 /* CoreDataManager.swift */ = {isa = PBXFileReference; lastKnownFileType = sourcecode.swift; path = CoreDataManager.swift; sourceTree = "<group>"; };
		85988C5E234B97E4004D76CB /* PropertyCell.swift */ = {isa = PBXFileReference; lastKnownFileType = sourcecode.swift; path = PropertyCell.swift; sourceTree = "<group>"; };
		85E08272234B9AE9002DCED1 /* PropertyViewController.swift */ = {isa = PBXFileReference; lastKnownFileType = sourcecode.swift; path = PropertyViewController.swift; sourceTree = "<group>"; };
/* End PBXFileReference section */

/* Begin PBXFrameworksBuildPhase section */
		8559104D234B71C100FDF916 /* Frameworks */ = {
			isa = PBXFrameworksBuildPhase;
			buildActionMask = 2147483647;
			files = (
			);
			runOnlyForDeploymentPostprocessing = 0;
		};
/* End PBXFrameworksBuildPhase section */

/* Begin PBXGroup section */
		85591047234B71C100FDF916 = {
			isa = PBXGroup;
			children = (
				85591052234B71C100FDF916 /* Cars */,
				85591051234B71C100FDF916 /* Products */,
			);
			sourceTree = "<group>";
		};
		85591051234B71C100FDF916 /* Products */ = {
			isa = PBXGroup;
			children = (
				85591050234B71C100FDF916 /* Cars.app */,
			);
			name = Products;
			sourceTree = "<group>";
		};
		85591052234B71C100FDF916 /* Cars */ = {
			isa = PBXGroup;
			children = (
				85591053234B71C100FDF916 /* AppDelegate.swift */,
				85591069234B76C200FDF916 /* Model */,
				85591068234B721300FDF916 /* Controller */,
				85591067234B720900FDF916 /* View */,
				8559105C234B71C200FDF916 /* Assets.xcassets */,
				85591061234B71C200FDF916 /* Info.plist */,
			);
			path = Cars;
			sourceTree = "<group>";
		};
		85591067234B720900FDF916 /* View */ = {
			isa = PBXGroup;
			children = (
				85591059234B71C100FDF916 /* Main.storyboard */,
				8559105E234B71C200FDF916 /* LaunchScreen.storyboard */,
			);
			path = View;
			sourceTree = "<group>";
		};
		85591068234B721300FDF916 /* Controller */ = {
			isa = PBXGroup;
			children = (
				85591057234B71C100FDF916 /* CarListViewController.swift */,
				85988C5E234B97E4004D76CB /* PropertyCell.swift */,
				85E08272234B9AE9002DCED1 /* PropertyViewController.swift */,
			);
			path = Controller;
			sourceTree = "<group>";
		};
		85591069234B76C200FDF916 /* Model */ = {
			isa = PBXGroup;
			children = (
				8559106A234B76D200FDF916 /* DataModel.xcdatamodeld */,
				8559106D234B773200FDF916 /* CoreDataManager.swift */,
			);
			path = Model;
			sourceTree = "<group>";
		};
/* End PBXGroup section */

/* Begin PBXNativeTarget section */
		8559104F234B71C100FDF916 /* Cars */ = {
			isa = PBXNativeTarget;
			buildConfigurationList = 85591064234B71C200FDF916 /* Build configuration list for PBXNativeTarget "Cars" */;
			buildPhases = (
				8559104C234B71C100FDF916 /* Sources */,
				8559104D234B71C100FDF916 /* Frameworks */,
				8559104E234B71C100FDF916 /* Resources */,
			);
			buildRules = (
			);
			dependencies = (
			);
			name = Cars;
			productName = Cars;
			productReference = 85591050234B71C100FDF916 /* Cars.app */;
			productType = "com.apple.product-type.application";
		};
/* End PBXNativeTarget section */

/* Begin PBXProject section */
		85591048234B71C100FDF916 /* Project object */ = {
			isa = PBXProject;
			attributes = {
				LastSwiftUpdateCheck = 1100;
				LastUpgradeCheck = 1100;
				ORGANIZATIONNAME = "Stanislav Kozlov";
				TargetAttributes = {
					8559104F234B71C100FDF916 = {
						CreatedOnToolsVersion = 11.0;
					};
				};
			};
			buildConfigurationList = 8559104B234B71C100FDF916 /* Build configuration list for PBXProject "Cars" */;
			compatibilityVersion = "Xcode 9.3";
			developmentRegion = en;
			hasScannedForEncodings = 0;
			knownRegions = (
				en,
				Base,
			);
			mainGroup = 85591047234B71C100FDF916;
			productRefGroup = 85591051234B71C100FDF916 /* Products */;
			projectDirPath = "";
			projectRoot = "";
			targets = (
				8559104F234B71C100FDF916 /* Cars */,
			);
		};
/* End PBXProject section */

/* Begin PBXResourcesBuildPhase section */
		8559104E234B71C100FDF916 /* Resources */ = {
			isa = PBXResourcesBuildPhase;
			buildActionMask = 2147483647;
			files = (
				85591060234B71C200FDF916 /* LaunchScreen.storyboard in Resources */,
				8559105D234B71C200FDF916 /* Assets.xcassets in Resources */,
				8559105B234B71C100FDF916 /* Main.storyboard in Resources */,
			);
			runOnlyForDeploymentPostprocessing = 0;
		};
/* End PBXResourcesBuildPhase section */

/* Begin PBXSourcesBuildPhase section */
		8559104C234B71C100FDF916 /* Sources */ = {
			isa = PBXSourcesBuildPhase;
			buildActionMask = 2147483647;
			files = (
				85988C5F234B97E4004D76CB /* PropertyCell.swift in Sources */,
				85E08273234B9AE9002DCED1 /* PropertyViewController.swift in Sources */,
				8559106C234B76D200FDF916 /* DataModel.xcdatamodeld in Sources */,
				85591058234B71C100FDF916 /* CarListViewController.swift in Sources */,
				8559106E234B773200FDF916 /* CoreDataManager.swift in Sources */,
				85591054234B71C100FDF916 /* AppDelegate.swift in Sources */,
			);
			runOnlyForDeploymentPostprocessing = 0;
		};
/* End PBXSourcesBuildPhase section */

/* Begin PBXVariantGroup section */
		85591059234B71C100FDF916 /* Main.storyboard */ = {
			isa = PBXVariantGroup;
			children = (
				8559105A234B71C100FDF916 /* Base */,
			);
			name = Main.storyboard;
			sourceTree = "<group>";
		};
		8559105E234B71C200FDF916 /* LaunchScreen.storyboard */ = {
			isa = PBXVariantGroup;
			children = (
				8559105F234B71C200FDF916 /* Base */,
			);
			name = LaunchScreen.storyboard;
			sourceTree = "<group>";
		};
/* End PBXVariantGroup section */

/* Begin XCBuildConfiguration section */
		85591062234B71C200FDF916 /* Debug */ = {
			isa = XCBuildConfiguration;
			buildSettings = {
				ALWAYS_SEARCH_USER_PATHS = NO;
				CLANG_ANALYZER_NONNULL = YES;
				CLANG_ANALYZER_NUMBER_OBJECT_CONVERSION = YES_AGGRESSIVE;
				CLANG_CXX_LANGUAGE_STANDARD = "gnu++14";
				CLANG_CXX_LIBRARY = "libc++";
				CLANG_ENABLE_MODULES = YES;
				CLANG_ENABLE_OBJC_ARC = YES;
				CLANG_ENABLE_OBJC_WEAK = YES;
				CLANG_WARN_BLOCK_CAPTURE_AUTORELEASING = YES;
				CLANG_WARN_BOOL_CONVERSION = YES;
				CLANG_WARN_COMMA = YES;
				CLANG_WARN_CONSTANT_CONVERSION = YES;
				CLANG_WARN_DEPRECATED_OBJC_IMPLEMENTATIONS = YES;
				CLANG_WARN_DIRECT_OBJC_ISA_USAGE = YES_ERROR;
				CLANG_WARN_DOCUMENTATION_COMMENTS = YES;
				CLANG_WARN_EMPTY_BODY = YES;
				CLANG_WARN_ENUM_CONVERSION = YES;
				CLANG_WARN_INFINITE_RECURSION = YES;
				CLANG_WARN_INT_CONVERSION = YES;
				CLANG_WARN_NON_LITERAL_NULL_CONVERSION = YES;
				CLANG_WARN_OBJC_IMPLICIT_RETAIN_SELF = YES;
				CLANG_WARN_OBJC_LITERAL_CONVERSION = YES;
				CLANG_WARN_OBJC_ROOT_CLASS = YES_ERROR;
				CLANG_WARN_RANGE_LOOP_ANALYSIS = YES;
				CLANG_WARN_STRICT_PROTOTYPES = YES;
				CLANG_WARN_SUSPICIOUS_MOVE = YES;
				CLANG_WARN_UNGUARDED_AVAILABILITY = YES_AGGRESSIVE;
				CLANG_WARN_UNREACHABLE_CODE = YES;
				CLANG_WARN__DUPLICATE_METHOD_MATCH = YES;
				COPY_PHASE_STRIP = NO;
				DEBUG_INFORMATION_FORMAT = dwarf;
				ENABLE_STRICT_OBJC_MSGSEND = YES;
				ENABLE_TESTABILITY = YES;
				GCC_C_LANGUAGE_STANDARD = gnu11;
				GCC_DYNAMIC_NO_PIC = NO;
				GCC_NO_COMMON_BLOCKS = YES;
				GCC_OPTIMIZATION_LEVEL = 0;
				GCC_PREPROCESSOR_DEFINITIONS = (
					"DEBUG=1",
					"$(inherited)",
				);
				GCC_WARN_64_TO_32_BIT_CONVERSION = YES;
				GCC_WARN_ABOUT_RETURN_TYPE = YES_ERROR;
				GCC_WARN_UNDECLARED_SELECTOR = YES;
				GCC_WARN_UNINITIALIZED_AUTOS = YES_AGGRESSIVE;
				GCC_WARN_UNUSED_FUNCTION = YES;
				GCC_WARN_UNUSED_VARIABLE = YES;
				IPHONEOS_DEPLOYMENT_TARGET = 13.0;
				MTL_ENABLE_DEBUG_INFO = INCLUDE_SOURCE;
				MTL_FAST_MATH = YES;
				ONLY_ACTIVE_ARCH = YES;
				SDKROOT = iphoneos;
				SWIFT_ACTIVE_COMPILATION_CONDITIONS = DEBUG;
				SWIFT_OPTIMIZATION_LEVEL = "-Onone";
			};
			name = Debug;
		};
		85591063234B71C200FDF916 /* Release */ = {
			isa = XCBuildConfiguration;
			buildSettings = {
				ALWAYS_SEARCH_USER_PATHS = NO;
				CLANG_ANALYZER_NONNULL = YES;
				CLANG_ANALYZER_NUMBER_OBJECT_CONVERSION = YES_AGGRESSIVE;
				CLANG_CXX_LANGUAGE_STANDARD = "gnu++14";
				CLANG_CXX_LIBRARY = "libc++";
				CLANG_ENABLE_MODULES = YES;
				CLANG_ENABLE_OBJC_ARC = YES;
				CLANG_ENABLE_OBJC_WEAK = YES;
				CLANG_WARN_BLOCK_CAPTURE_AUTORELEASING = YES;
				CLANG_WARN_BOOL_CONVERSION = YES;
				CLANG_WARN_COMMA = YES;
				CLANG_WARN_CONSTANT_CONVERSION = YES;
				CLANG_WARN_DEPRECATED_OBJC_IMPLEMENTATIONS = YES;
				CLANG_WARN_DIRECT_OBJC_ISA_USAGE = YES_ERROR;
				CLANG_WARN_DOCUMENTATION_COMMENTS = YES;
				CLANG_WARN_EMPTY_BODY = YES;
				CLANG_WARN_ENUM_CONVERSION = YES;
				CLANG_WARN_INFINITE_RECURSION = YES;
				CLANG_WARN_INT_CONVERSION = YES;
				CLANG_WARN_NON_LITERAL_NULL_CONVERSION = YES;
				CLANG_WARN_OBJC_IMPLICIT_RETAIN_SELF = YES;
				CLANG_WARN_OBJC_LITERAL_CONVERSION = YES;
				CLANG_WARN_OBJC_ROOT_CLASS = YES_ERROR;
				CLANG_WARN_RANGE_LOOP_ANALYSIS = YES;
				CLANG_WARN_STRICT_PROTOTYPES = YES;
				CLANG_WARN_SUSPICIOUS_MOVE = YES;
				CLANG_WARN_UNGUARDED_AVAILABILITY = YES_AGGRESSIVE;
				CLANG_WARN_UNREACHABLE_CODE = YES;
				CLANG_WARN__DUPLICATE_METHOD_MATCH = YES;
				COPY_PHASE_STRIP = NO;
				DEBUG_INFORMATION_FORMAT = "dwarf-with-dsym";
				ENABLE_NS_ASSERTIONS = NO;
				ENABLE_STRICT_OBJC_MSGSEND = YES;
				GCC_C_LANGUAGE_STANDARD = gnu11;
				GCC_NO_COMMON_BLOCKS = YES;
				GCC_WARN_64_TO_32_BIT_CONVERSION = YES;
				GCC_WARN_ABOUT_RETURN_TYPE = YES_ERROR;
				GCC_WARN_UNDECLARED_SELECTOR = YES;
				GCC_WARN_UNINITIALIZED_AUTOS = YES_AGGRESSIVE;
				GCC_WARN_UNUSED_FUNCTION = YES;
				GCC_WARN_UNUSED_VARIABLE = YES;
				IPHONEOS_DEPLOYMENT_TARGET = 13.0;
				MTL_ENABLE_DEBUG_INFO = NO;
				MTL_FAST_MATH = YES;
				SDKROOT = iphoneos;
				SWIFT_COMPILATION_MODE = wholemodule;
				SWIFT_OPTIMIZATION_LEVEL = "-O";
				VALIDATE_PRODUCT = YES;
			};
			name = Release;
		};
		85591065234B71C200FDF916 /* Debug */ = {
			isa = XCBuildConfiguration;
			buildSettings = {
				ASSETCATALOG_COMPILER_APPICON_NAME = AppIcon;
				CODE_SIGN_STYLE = Automatic;
				DEVELOPMENT_TEAM = M7X82K2M45;
				INFOPLIST_FILE = Cars/Info.plist;
				IPHONEOS_DEPLOYMENT_TARGET = 12.4;
				LD_RUNPATH_SEARCH_PATHS = (
					"$(inherited)",
					"@executable_path/Frameworks",
				);
				PRODUCT_BUNDLE_IDENTIFIER = com.bleymy.Cars;
				PRODUCT_NAME = "$(TARGET_NAME)";
				SWIFT_VERSION = 5.0;
				TARGETED_DEVICE_FAMILY = 1;
			};
			name = Debug;
		};
		85591066234B71C200FDF916 /* Release */ = {
			isa = XCBuildConfiguration;
			buildSettings = {
				ASSETCATALOG_COMPILER_APPICON_NAME = AppIcon;
				CODE_SIGN_STYLE = Automatic;
				DEVELOPMENT_TEAM = M7X82K2M45;
				INFOPLIST_FILE = Cars/Info.plist;
				IPHONEOS_DEPLOYMENT_TARGET = 12.4;
				LD_RUNPATH_SEARCH_PATHS = (
					"$(inherited)",
					"@executable_path/Frameworks",
				);
				PRODUCT_BUNDLE_IDENTIFIER = com.bleymy.Cars;
				PRODUCT_NAME = "$(TARGET_NAME)";
				SWIFT_VERSION = 5.0;
				TARGETED_DEVICE_FAMILY = 1;
			};
			name = Release;
		};
/* End XCBuildConfiguration section */

/* Begin XCConfigurationList section */
		8559104B234B71C100FDF916 /* Build configuration list for PBXProject "Cars" */ = {
			isa = XCConfigurationList;
			buildConfigurations = (
				85591062234B71C200FDF916 /* Debug */,
				85591063234B71C200FDF916 /* Release */,
			);
			defaultConfigurationIsVisible = 0;
			defaultConfigurationName = Release;
		};
		85591064234B71C200FDF916 /* Build configuration list for PBXNativeTarget "Cars" */ = {
			isa = XCConfigurationList;
			buildConfigurations = (
				85591065234B71C200FDF916 /* Debug */,
				85591066234B71C200FDF916 /* Release */,
			);
			defaultConfigurationIsVisible = 0;
			defaultConfigurationName = Release;
		};
/* End XCConfigurationList section */

/* Begin XCVersionGroup section */
		8559106A234B76D200FDF916 /* DataModel.xcdatamodeld */ = {
			isa = XCVersionGroup;
			children = (
				8559106B234B76D200FDF916 /* DataModel.xcdatamodel */,
			);
			currentVersion = 8559106B234B76D200FDF916 /* DataModel.xcdatamodel */;
			path = DataModel.xcdatamodeld;
			sourceTree = "<group>";
			versionGroupType = wrapper.xcdatamodel;
		};
/* End XCVersionGroup section */
	};
	rootObject = 85591048234B71C100FDF916 /* Project object */;
}
